
Microsoft Visual Studio Solution File, Format Version 12.00
# Visual Studio 2013
VisualStudioVersion = 12.0.21005.1
MinimumVisualStudioVersion = 10.0.40219.1
Project("{FAE04EC0-301F-11D3-BF4B-00C04F79EFBC}") = "DAL", "DAL\DAL.csproj", "{D7321540-B8A4-48DB-B47B-8779AF55EFC5}"
EndProject
Project("{FAE04EC0-301F-11D3-BF4B-00C04F79EFBC}") = "Model", "Model\Model.csproj", "{0D3B9509-902A-44C4-BB36-27CD4752B9BE}"
EndProject
Global
	GlobalSection(SolutionConfigurationPlatforms) = preSolution
		Debug|Any CPU = Debug|Any CPU
		Release|Any CPU = Release|Any CPU
	EndGlobalSection
	GlobalSection(ProjectConfigurationPlatforms) = postSolution
		{D7321540-B8A4-48DB-B47B-8779AF55EFC5}.Debug|Any CPU.ActiveCfg = Debug|Any CPU
		{D7321540-B8A4-48DB-B47B-8779AF55EFC5}.Release|Any CPU.ActiveCfg = Release|Any CPU
		{D7321540-B8A4-48DB-B47B-8779AF55EFC5}.Release|Any CPU.Build.0 = Release|Any CPU
		{0D3B9509-902A-44C4-BB36-27CD4752B9BE}.Debug|Any CPU.ActiveCfg = Debug|Any CPU
		{0D3B9509-902A-44C4-BB36-27CD4752B9BE}.Release|Any CPU.ActiveCfg = Release|Any CPU
		{0D3B9509-902A-44C4-BB36-27CD4752B9BE}.Release|Any CPU.Build.0 = Release|Any CPU
	EndGlobalSection
	GlobalSection(SolutionProperties) = preSolution
		HideSolutionNode = FALSE
	EndGlobalSection
EndGlobal
